
Microsoft Visual Studio Solution File, Format Version 12.00
# Visual Studio Version 17
VisualStudioVersion = 17.1.32319.34
MinimumVisualStudioVersion = 10.0.40219.1
Project("{FAE04EC0-301F-11D3-BF4B-00C04F79EFBC}") = "ClothesApiAuthRepositoryUOW.Api", "ClothesApiAuthRepositoryUOW.Api\ClothesApiAuthRepositoryUOW.Api.csproj", "{BBC07AC4-1958-418E-986F-F7148E6609C0}"
EndProject
Project("{FAE04EC0-301F-11D3-BF4B-00C04F79EFBC}") = "ClothesApiAuthRepositoryUOW.Core", "ClothesApiAuthRepositoryUOW.Core\ClothesApiAuthRepositoryUOW.Core.csproj", "{F72E23DE-79CF-496B-B2DA-85E2F592CF7B}"
EndProject
Project("{FAE04EC0-301F-11D3-BF4B-00C04F79EFBC}") = "ClothesApiAuthRepositoryUOW.EF", "ClothesApiAuthRepositoryUOW.EF\ClothesApiAuthRepositoryUOW.EF.csproj", "{C2526DEA-1673-4DA4-8379-B55387EC313E}"
EndProject
Global
	GlobalSection(SolutionConfigurationPlatforms) = preSolution
		Debug|Any CPU = Debug|Any CPU
		Release|Any CPU = Release|Any CPU
	EndGlobalSection
	GlobalSection(ProjectConfigurationPlatforms) = postSolution
		{BBC07AC4-1958-418E-986F-F7148E6609C0}.Debug|Any CPU.ActiveCfg = Debug|Any CPU
		{BBC07AC4-1958-418E-986F-F7148E6609C0}.Debug|Any CPU.Build.0 = Debug|Any CPU
		{BBC07AC4-1958-418E-986F-F7148E6609C0}.Release|Any CPU.ActiveCfg = Release|Any CPU
		{BBC07AC4-1958-418E-986F-F7148E6609C0}.Release|Any CPU.Build.0 = Release|Any CPU
		{F72E23DE-79CF-496B-B2DA-85E2F592CF7B}.Debug|Any CPU.ActiveCfg = Debug|Any CPU
		{F72E23DE-79CF-496B-B2DA-85E2F592CF7B}.Debug|Any CPU.Build.0 = Debug|Any CPU
		{F72E23DE-79CF-496B-B2DA-85E2F592CF7B}.Release|Any CPU.ActiveCfg = Release|Any CPU
		{F72E23DE-79CF-496B-B2DA-85E2F592CF7B}.Release|Any CPU.Build.0 = Release|Any CPU
		{C2526DEA-1673-4DA4-8379-B55387EC313E}.Debug|Any CPU.ActiveCfg = Debug|Any CPU
		{C2526DEA-1673-4DA4-8379-B55387EC313E}.Debug|Any CPU.Build.0 = Debug|Any CPU
		{C2526DEA-1673-4DA4-8379-B55387EC313E}.Release|Any CPU.ActiveCfg = Release|Any CPU
		{C2526DEA-1673-4DA4-8379-B55387EC313E}.Release|Any CPU.Build.0 = Release|Any CPU
	EndGlobalSection
	GlobalSection(SolutionProperties) = preSolution
		HideSolutionNode = FALSE
	EndGlobalSection
	GlobalSection(ExtensibilityGlobals) = postSolution
		SolutionGuid = {1757D283-D24C-4610-A7EA-3EF3C0B32E7E}
	EndGlobalSection
EndGlobal
